dependencies:
  espressif/esp_lcd_touch:
    dependencies: []
    source:
      path: D:\00_PROYECTOS\rubber-srl\codigo\extrusion-controller\components\espressif__esp_lcd_touch
      type: local
    version: 1.1.2
  espressif/esp_lcd_touch_gt911:
    dependencies: []
    source:
      path: D:\00_PROYECTOS\rubber-srl\codigo\extrusion-controller\components\espressif__esp_lcd_touch_gt911
      type: local
    version: 1.1.1~1
  idf:
    source:
      type: idf
    version: 5.5.1
  lvgl/lvgl:
    dependencies: []
    source:
      path: D:\00_PROYECTOS\rubber-srl\codigo\extrusion-controller\components\lvgl__lvgl
      type: local
    version: 8.4.0
direct_dependencies:
- espressif/esp_lcd_touch
- espressif/esp_lcd_touch_gt911
- idf
- lvgl/lvgl
manifest_hash: 0c3f8e7ecb9b358dff53b675918ad79bb50c77919efea219a9721606243c5e66
target: esp32s3
version: 2.0.0
